
Microsoft Visual Studio Solution File, Format Version 12.00
# Visual Studio Version 17
VisualStudioVersion = 17.6.33723.286
MinimumVisualStudioVersion = 10.0.40219.1
Project("{2150E333-8FDC-42A3-9474-1A3956D46DE8}") = "src", "src", "{E7B2DD4B-AA3C-4E10-9425-A20C3F4AC769}"
EndProject
Project("{2150E333-8FDC-42A3-9474-1A3956D46DE8}") = "tests", "tests", "{3DB7035F-E9E0-4D32-B2A3-C18091E102D3}"
EndProject
Project("{2150E333-8FDC-42A3-9474-1A3956D46DE8}") = "CleanArchitectureExample.Infrastructure", "CleanArchitectureExample.Infrastructure", "{607E37F2-07F6-4C15-80D6-78591F7727EC}"
EndProject
Project("{2150E333-8FDC-42A3-9474-1A3956D46DE8}") = "CleanArchitectureExample.Web", "CleanArchitectureExample.Web", "{3006585D-17D6-4974-9667-49CDF39119CF}"
EndProject
Project("{9A19103F-16F7-4668-BE54-9A1E7A4F7556}") = "CleanArchitectureExample.Domain", "CleanArchitectureExample.Domain\CleanArchitectureExample.Domain.csproj", "{63918FF4-4CB2-4942-9A1F-5F0E1FE70596}"
EndProject
Project("{9A19103F-16F7-4668-BE54-9A1E7A4F7556}") = "CleanArchitectureExample.Infrastructure", "CleanArchitectureExample.Infrastructure\CleanArchitectureExample.Infrastructure.csproj", "{6A86183C-4CE7-4450-A529-F1EA32B16020}"
EndProject
Project("{9A19103F-16F7-4668-BE54-9A1E7A4F7556}") = "CleanArchitectureExample.Application", "CleanArchitectureExample.Application\CleanArchitectureExample.Application.csproj", "{1B9B272D-CDC5-41B7-AB31-4CF2D17130DC}"
EndProject
Project("{2150E333-8FDC-42A3-9474-1A3956D46DE8}") = "API", "API", "{200219A7-F79C-4656-9B71-736CE56A5F25}"
EndProject
Project("{2150E333-8FDC-42A3-9474-1A3956D46DE8}") = "UI", "UI", "{30F48DD0-0FD4-4610-B8F3-D460E6306CD9}"
EndProject
Project("{9A19103F-16F7-4668-BE54-9A1E7A4F7556}") = "Web.API", "Web.API\Web.API.csproj", "{C291736D-6B97-42C8-80A9-E1A0CBDB2576}"
EndProject
Project("{E53339B2-1760-4266-BCC7-CA923CBCF16C}") = "docker-compose", "docker-compose.dcproj", "{926765B2-1546-48D6-AC09-F3FC9ECC366F}"
EndProject
Project("{9A19103F-16F7-4668-BE54-9A1E7A4F7556}") = "CleanArchitectureExample.Infrastructure.Contracts", "CleanArchitectureExample.Infrastructure.Contracts\CleanArchitectureExample.Infrastructure.Contracts.csproj", "{7CFC7639-2402-4FB1-B7CF-017EF0EEF99D}"
EndProject
Global
	GlobalSection(SolutionConfigurationPlatforms) = preSolution
		Debug|Any CPU = Debug|Any CPU
		Release|Any CPU = Release|Any CPU
	EndGlobalSection
	GlobalSection(ProjectConfigurationPlatforms) = postSolution
		{63918FF4-4CB2-4942-9A1F-5F0E1FE70596}.Debug|Any CPU.ActiveCfg = Debug|Any CPU
		{63918FF4-4CB2-4942-9A1F-5F0E1FE70596}.Debug|Any CPU.Build.0 = Debug|Any CPU
		{63918FF4-4CB2-4942-9A1F-5F0E1FE70596}.Release|Any CPU.ActiveCfg = Release|Any CPU
		{63918FF4-4CB2-4942-9A1F-5F0E1FE70596}.Release|Any CPU.Build.0 = Release|Any CPU
		{6A86183C-4CE7-4450-A529-F1EA32B16020}.Debug|Any CPU.ActiveCfg = Debug|Any CPU
		{6A86183C-4CE7-4450-A529-F1EA32B16020}.Debug|Any CPU.Build.0 = Debug|Any CPU
		{6A86183C-4CE7-4450-A529-F1EA32B16020}.Release|Any CPU.ActiveCfg = Release|Any CPU
		{6A86183C-4CE7-4450-A529-F1EA32B16020}.Release|Any CPU.Build.0 = Release|Any CPU
		{1B9B272D-CDC5-41B7-AB31-4CF2D17130DC}.Debug|Any CPU.ActiveCfg = Debug|Any CPU
		{1B9B272D-CDC5-41B7-AB31-4CF2D17130DC}.Debug|Any CPU.Build.0 = Debug|Any CPU
		{1B9B272D-CDC5-41B7-AB31-4CF2D17130DC}.Release|Any CPU.ActiveCfg = Release|Any CPU
		{1B9B272D-CDC5-41B7-AB31-4CF2D17130DC}.Release|Any CPU.Build.0 = Release|Any CPU
		{C291736D-6B97-42C8-80A9-E1A0CBDB2576}.Debug|Any CPU.ActiveCfg = Debug|Any CPU
		{C291736D-6B97-42C8-80A9-E1A0CBDB2576}.Debug|Any CPU.Build.0 = Debug|Any CPU
		{C291736D-6B97-42C8-80A9-E1A0CBDB2576}.Release|Any CPU.ActiveCfg = Release|Any CPU
		{C291736D-6B97-42C8-80A9-E1A0CBDB2576}.Release|Any CPU.Build.0 = Release|Any CPU
		{926765B2-1546-48D6-AC09-F3FC9ECC366F}.Debug|Any CPU.ActiveCfg = Debug|Any CPU
		{926765B2-1546-48D6-AC09-F3FC9ECC366F}.Debug|Any CPU.Build.0 = Debug|Any CPU
		{926765B2-1546-48D6-AC09-F3FC9ECC366F}.Release|Any CPU.ActiveCfg = Release|Any CPU
		{926765B2-1546-48D6-AC09-F3FC9ECC366F}.Release|Any CPU.Build.0 = Release|Any CPU
		{7CFC7639-2402-4FB1-B7CF-017EF0EEF99D}.Debug|Any CPU.ActiveCfg = Debug|Any CPU
		{7CFC7639-2402-4FB1-B7CF-017EF0EEF99D}.Debug|Any CPU.Build.0 = Debug|Any CPU
		{7CFC7639-2402-4FB1-B7CF-017EF0EEF99D}.Release|Any CPU.ActiveCfg = Release|Any CPU
		{7CFC7639-2402-4FB1-B7CF-017EF0EEF99D}.Release|Any CPU.Build.0 = Release|Any CPU
	EndGlobalSection
	GlobalSection(SolutionProperties) = preSolution
		HideSolutionNode = FALSE
	EndGlobalSection
	GlobalSection(NestedProjects) = preSolution
		{607E37F2-07F6-4C15-80D6-78591F7727EC} = {E7B2DD4B-AA3C-4E10-9425-A20C3F4AC769}
		{3006585D-17D6-4974-9667-49CDF39119CF} = {E7B2DD4B-AA3C-4E10-9425-A20C3F4AC769}
		{63918FF4-4CB2-4942-9A1F-5F0E1FE70596} = {E7B2DD4B-AA3C-4E10-9425-A20C3F4AC769}
		{6A86183C-4CE7-4450-A529-F1EA32B16020} = {607E37F2-07F6-4C15-80D6-78591F7727EC}
		{1B9B272D-CDC5-41B7-AB31-4CF2D17130DC} = {E7B2DD4B-AA3C-4E10-9425-A20C3F4AC769}
		{200219A7-F79C-4656-9B71-736CE56A5F25} = {3006585D-17D6-4974-9667-49CDF39119CF}
		{30F48DD0-0FD4-4610-B8F3-D460E6306CD9} = {3006585D-17D6-4974-9667-49CDF39119CF}
		{C291736D-6B97-42C8-80A9-E1A0CBDB2576} = {200219A7-F79C-4656-9B71-736CE56A5F25}
		{7CFC7639-2402-4FB1-B7CF-017EF0EEF99D} = {E7B2DD4B-AA3C-4E10-9425-A20C3F4AC769}
	EndGlobalSection
	GlobalSection(ExtensibilityGlobals) = postSolution
		SolutionGuid = {AB1594F3-BE38-40D7-988F-C56DE8D54F13}
	EndGlobalSection
EndGlobal
